
Microsoft Visual Studio Solution File, Format Version 12.00
# Visual Studio Version 17
VisualStudioVersion = 17.3.32901.215
MinimumVisualStudioVersion = 10.0.40219.1
Project("{8BC9CEB8-8B4A-11D0-8D11-00A0C91BC942}") = "курсовая", "курсовая.vcxproj", "{2D59B7E2-9CBD-41F5-B09D-F14D537B0628}"
EndProject
Project("{8BC9CEB8-8B4A-11D0-8D11-00A0C91BC942}") = "пробное", "..\пробное\пробное.vcxproj", "{D7EAAF9E-8C47-47BB-B67C-0C1A994B5701}"
EndProject
Project("{8BC9CEB8-8B4A-11D0-8D11-00A0C91BC942}") = "пробная2.0", "..\пробная2.0\пробная2.0.vcxproj", "{A8932C45-0440-450D-B665-8425C2C257A2}"
EndProject
Project("{8BC9CEB8-8B4A-11D0-8D11-00A0C91BC942}") = "шифровка", "..\шифровка\шифровка.vcxproj", "{85617AB7-272B-40A9-95B4-3AB40D62F5D5}"
EndProject
Global
	GlobalSection(SolutionConfigurationPlatforms) = preSolution
		Debug|x64 = Debug|x64
		Debug|x86 = Debug|x86
		Release|x64 = Release|x64
		Release|x86 = Release|x86
	EndGlobalSection
	GlobalSection(ProjectConfigurationPlatforms) = postSolution
		{2D59B7E2-9CBD-41F5-B09D-F14D537B0628}.Debug|x64.ActiveCfg = Debug|x64
		{2D59B7E2-9CBD-41F5-B09D-F14D537B0628}.Debug|x64.Build.0 = Debug|x64
		{2D59B7E2-9CBD-41F5-B09D-F14D537B0628}.Debug|x86.ActiveCfg = Debug|Win32
		{2D59B7E2-9CBD-41F5-B09D-F14D537B0628}.Debug|x86.Build.0 = Debug|Win32
		{2D59B7E2-9CBD-41F5-B09D-F14D537B0628}.Release|x64.ActiveCfg = Release|x64
		{2D59B7E2-9CBD-41F5-B09D-F14D537B0628}.Release|x64.Build.0 = Release|x64
		{2D59B7E2-9CBD-41F5-B09D-F14D537B0628}.Release|x86.ActiveCfg = Release|Win32
		{2D59B7E2-9CBD-41F5-B09D-F14D537B0628}.Release|x86.Build.0 = Release|Win32
		{D7EAAF9E-8C47-47BB-B67C-0C1A994B5701}.Debug|x64.ActiveCfg = Debug|x64
		{D7EAAF9E-8C47-47BB-B67C-0C1A994B5701}.Debug|x64.Build.0 = Debug|x64
		{D7EAAF9E-8C47-47BB-B67C-0C1A994B5701}.Debug|x86.ActiveCfg = Debug|Win32
		{D7EAAF9E-8C47-47BB-B67C-0C1A994B5701}.Debug|x86.Build.0 = Debug|Win32
		{D7EAAF9E-8C47-47BB-B67C-0C1A994B5701}.Release|x64.ActiveCfg = Release|x64
		{D7EAAF9E-8C47-47BB-B67C-0C1A994B5701}.Release|x64.Build.0 = Release|x64
		{D7EAAF9E-8C47-47BB-B67C-0C1A994B5701}.Release|x86.ActiveCfg = Release|Win32
		{D7EAAF9E-8C47-47BB-B67C-0C1A994B5701}.Release|x86.Build.0 = Release|Win32
		{A8932C45-0440-450D-B665-8425C2C257A2}.Debug|x64.ActiveCfg = Debug|x64
		{A8932C45-0440-450D-B665-8425C2C257A2}.Debug|x64.Build.0 = Debug|x64
		{A8932C45-0440-450D-B665-8425C2C257A2}.Debug|x86.ActiveCfg = Debug|Win32
		{A8932C45-0440-450D-B665-8425C2C257A2}.Debug|x86.Build.0 = Debug|Win32
		{A8932C45-0440-450D-B665-8425C2C257A2}.Release|x64.ActiveCfg = Release|x64
		{A8932C45-0440-450D-B665-8425C2C257A2}.Release|x64.Build.0 = Release|x64
		{A8932C45-0440-450D-B665-8425C2C257A2}.Release|x86.ActiveCfg = Release|Win32
		{A8932C45-0440-450D-B665-8425C2C257A2}.Release|x86.Build.0 = Release|Win32
		{85617AB7-272B-40A9-95B4-3AB40D62F5D5}.Debug|x64.ActiveCfg = Debug|x64
		{85617AB7-272B-40A9-95B4-3AB40D62F5D5}.Debug|x64.Build.0 = Debug|x64
		{85617AB7-272B-40A9-95B4-3AB40D62F5D5}.Debug|x86.ActiveCfg = Debug|Win32
		{85617AB7-272B-40A9-95B4-3AB40D62F5D5}.Debug|x86.Build.0 = Debug|Win32
		{85617AB7-272B-40A9-95B4-3AB40D62F5D5}.Release|x64.ActiveCfg = Release|x64
		{85617AB7-272B-40A9-95B4-3AB40D62F5D5}.Release|x64.Build.0 = Release|x64
		{85617AB7-272B-40A9-95B4-3AB40D62F5D5}.Release|x86.ActiveCfg = Release|Win32
		{85617AB7-272B-40A9-95B4-3AB40D62F5D5}.Release|x86.Build.0 = Release|Win32
	EndGlobalSection
	GlobalSection(SolutionProperties) = preSolution
		HideSolutionNode = FALSE
	EndGlobalSection
	GlobalSection(ExtensibilityGlobals) = postSolution
		SolutionGuid = {2971BFBA-8033-4C22-AAB8-F551387D6BC8}
	EndGlobalSection
EndGlobal
